
Microsoft Visual Studio Solution File, Format Version 12.00
# Visual Studio 14
VisualStudioVersion = 14.0.23107.0
MinimumVisualStudioVersion = 10.0.40219.1
Project("{FAE04EC0-301F-11D3-BF4B-00C04F79EFBC}") = "FileServer", "FileUploads\FileServer.csproj", "{0A1E42F4-6D55-4BC7-BA32-696A0F6E0C8F}"
EndProject
Project("{FAE04EC0-301F-11D3-BF4B-00C04F79EFBC}") = "UTFileServer", "UTFileServer\UTFileServer.csproj", "{A10EA8CA-8DC9-4C3E-82C5-ECD1C71908C8}"
EndProject
Project("{FAE04EC0-301F-11D3-BF4B-00C04F79EFBC}") = "ParallelUploader", "ParallelUploader\ParallelUploader.csproj", "{784A543C-ABA4-4789-98AA-4BDA1BF7F968}"
EndProject
Global
	GlobalSection(SolutionConfigurationPlatforms) = preSolution
		Debug|Any CPU = Debug|Any CPU
		Release|Any CPU = Release|Any CPU
	EndGlobalSection
	GlobalSection(ProjectConfigurationPlatforms) = postSolution
		{0A1E42F4-6D55-4BC7-BA32-696A0F6E0C8F}.Debug|Any CPU.ActiveCfg = Debug|Any CPU
		{0A1E42F4-6D55-4BC7-BA32-696A0F6E0C8F}.Debug|Any CPU.Build.0 = Debug|Any CPU
		{0A1E42F4-6D55-4BC7-BA32-696A0F6E0C8F}.Release|Any CPU.ActiveCfg = Release|Any CPU
		{0A1E42F4-6D55-4BC7-BA32-696A0F6E0C8F}.Release|Any CPU.Build.0 = Release|Any CPU
		{A10EA8CA-8DC9-4C3E-82C5-ECD1C71908C8}.Debug|Any CPU.ActiveCfg = Debug|Any CPU
		{A10EA8CA-8DC9-4C3E-82C5-ECD1C71908C8}.Debug|Any CPU.Build.0 = Debug|Any CPU
		{A10EA8CA-8DC9-4C3E-82C5-ECD1C71908C8}.Release|Any CPU.ActiveCfg = Release|Any CPU
		{A10EA8CA-8DC9-4C3E-82C5-ECD1C71908C8}.Release|Any CPU.Build.0 = Release|Any CPU
		{784A543C-ABA4-4789-98AA-4BDA1BF7F968}.Debug|Any CPU.ActiveCfg = Debug|Any CPU
		{784A543C-ABA4-4789-98AA-4BDA1BF7F968}.Debug|Any CPU.Build.0 = Debug|Any CPU
		{784A543C-ABA4-4789-98AA-4BDA1BF7F968}.Release|Any CPU.ActiveCfg = Release|Any CPU
		{784A543C-ABA4-4789-98AA-4BDA1BF7F968}.Release|Any CPU.Build.0 = Release|Any CPU
	EndGlobalSection
	GlobalSection(SolutionProperties) = preSolution
		HideSolutionNode = FALSE
	EndGlobalSection
EndGlobal
